// !$*UTF8*$!
{
	archiveVersion = 1;
	classes = {
	};
	objectVersion = 56;
	objects = {

/* Begin PBXBuildFile section */
		B10C000000000001 /* ApplicationInventory.swift in Sources */ = {isa = PBXBuildFile; fileRef = F10C000000000001 /* ApplicationInventory.swift */; };
		B10C000000000002 /* Crypto.swift in Sources */ = {isa = PBXBuildFile; fileRef = F10C000000000002 /* Crypto.swift */; };
		B10C000000000003 /* Enforcement.swift in Sources */ = {isa = PBXBuildFile; fileRef = F10C000000000003 /* Enforcement.swift */; };
		B10C000000000004 /* PolicyStore.swift in Sources */ = {isa = PBXBuildFile; fileRef = F10C000000000004 /* PolicyStore.swift */; };
		B10C000000000005 /* Protocol.swift in Sources */ = {isa = PBXBuildFile; fileRef = F10C000000000005 /* Protocol.swift */; };
		B10X000000000001 /* StopScrollingHelperXPC.swift in Sources */ = {isa = PBXBuildFile; fileRef = F10X000000000001 /* StopScrollingHelperXPC.swift */; };
		B10H000000000001 /* main.swift in Sources */ = {isa = PBXBuildFile; fileRef = F10H000000000001 /* main.swift */; };
		B10H000000000002 /* HelperService.swift in Sources */ = {isa = PBXBuildFile; fileRef = F10H000000000002 /* HelperService.swift */; };
		B10H000000000003 /* libBlockingCore.a in Frameworks */ = {isa = PBXBuildFile; fileRef = F10T000000000001 /* libBlockingCore.a */; };
		B10H000000000004 /* libHelperXPC.a in Frameworks */ = {isa = PBXBuildFile; fileRef = F10T000000000002 /* libHelperXPC.a */; };
		B10D000000000001 /* HostXPC.swift in Sources */ = {isa = PBXBuildFile; fileRef = F10D000000000001 /* HostXPC.swift */; };
		B10D000000000002 /* HostActivation.swift in Sources */ = {isa = PBXBuildFile; fileRef = F10D000000000002 /* HostActivation.swift */; };
		B10D000000000003 /* HostCAPI.swift in Sources */ = {isa = PBXBuildFile; fileRef = F10D000000000003 /* HostCAPI.swift */; };
		B10D000000000004 /* libHelperXPC.a in Frameworks */ = {isa = PBXBuildFile; fileRef = F10T000000000002 /* libHelperXPC.a */; };
		B10D000000000005 /* ServiceManagement.framework in Frameworks */ = {isa = PBXBuildFile; fileRef = F10S000000000001 /* ServiceManagement.framework */; };
		B10D000000000006 /* SystemExtensions.framework in Frameworks */ = {isa = PBXBuildFile; fileRef = F10S000000000002 /* SystemExtensions.framework */; };
		B10D000000000007 /* NetworkExtension.framework in Frameworks */ = {isa = PBXBuildFile; fileRef = F10S000000000003 /* NetworkExtension.framework */; };
		B10N000000000001 /* FilterDataProvider.swift in Sources */ = {isa = PBXBuildFile; fileRef = F10N000000000001 /* FilterDataProvider.swift */; };
		B10N000000000002 /* main.swift in Sources */ = {isa = PBXBuildFile; fileRef = F10N000000000002 /* main.swift */; };
		B10N000000000003 /* libBlockingCore.a in Frameworks */ = {isa = PBXBuildFile; fileRef = F10T000000000001 /* libBlockingCore.a */; };
		B10N000000000004 /* NetworkExtension.framework in Frameworks */ = {isa = PBXBuildFile; fileRef = F10S000000000003 /* NetworkExtension.framework */; };
		B10E000000000001 /* main.swift in Sources */ = {isa = PBXBuildFile; fileRef = F10E000000000001 /* main.swift */; };
		B10E000000000002 /* libBlockingCore.a in Frameworks */ = {isa = PBXBuildFile; fileRef = F10T000000000001 /* libBlockingCore.a */; };
		B10E000000000003 /* Security.framework in Frameworks */ = {isa = PBXBuildFile; fileRef = F10S000000000004 /* Security.framework */; };
		B10E000000000004 /* libEndpointSecurity.tbd in Frameworks */ = {isa = PBXBuildFile; fileRef = F10S000000000005 /* libEndpointSecurity.tbd */; };
/* End PBXBuildFile section */

/* Begin PBXContainerItemProxy section */
		P10H000000000001 /* PBXContainerItemProxy */ = {isa = PBXContainerItemProxy; containerPortal = P100000000000001 /* Project object */; proxyType = 1; remoteGlobalIDString = T10C000000000001; remoteInfo = BlockingCore; };
		P10H000000000002 /* PBXContainerItemProxy */ = {isa = PBXContainerItemProxy; containerPortal = P100000000000001 /* Project object */; proxyType = 1; remoteGlobalIDString = T10X000000000001; remoteInfo = HelperXPC; };
		P10D000000000001 /* PBXContainerItemProxy */ = {isa = PBXContainerItemProxy; containerPortal = P100000000000001 /* Project object */; proxyType = 1; remoteGlobalIDString = T10X000000000001; remoteInfo = HelperXPC; };
		P10N000000000001 /* PBXContainerItemProxy */ = {isa = PBXContainerItemProxy; containerPortal = P100000000000001 /* Project object */; proxyType = 1; remoteGlobalIDString = T10C000000000001; remoteInfo = BlockingCore; };
		P10E000000000001 /* PBXContainerItemProxy */ = {isa = PBXContainerItemProxy; containerPortal = P100000000000001 /* Project object */; proxyType = 1; remoteGlobalIDString = T10C000000000001; remoteInfo = BlockingCore; };
/* End PBXContainerItemProxy section */

/* Begin PBXFileReference section */
		F10C000000000001 /* ApplicationInventory.swift */ = {isa = PBXFileReference; lastKnownFileType = sourcecode.swift; path = ApplicationInventory.swift; sourceTree = "<group>"; };
		F10C000000000002 /* Crypto.swift */ = {isa = PBXFileReference; lastKnownFileType = sourcecode.swift; path = Crypto.swift; sourceTree = "<group>"; };
		F10C000000000003 /* Enforcement.swift */ = {isa = PBXFileReference; lastKnownFileType = sourcecode.swift; path = Enforcement.swift; sourceTree = "<group>"; };
		F10C000000000004 /* PolicyStore.swift */ = {isa = PBXFileReference; lastKnownFileType = sourcecode.swift; path = PolicyStore.swift; sourceTree = "<group>"; };
		F10C000000000005 /* Protocol.swift */ = {isa = PBXFileReference; lastKnownFileType = sourcecode.swift; path = Protocol.swift; sourceTree = "<group>"; };
		F10X000000000001 /* StopScrollingHelperXPC.swift */ = {isa = PBXFileReference; lastKnownFileType = sourcecode.swift; path = StopScrollingHelperXPC.swift; sourceTree = "<group>"; };
		F10H000000000001 /* main.swift */ = {isa = PBXFileReference; lastKnownFileType = sourcecode.swift; path = main.swift; sourceTree = "<group>"; };
		F10H000000000002 /* HelperService.swift */ = {isa = PBXFileReference; lastKnownFileType = sourcecode.swift; path = HelperService.swift; sourceTree = "<group>"; };
		F10D000000000001 /* HostXPC.swift */ = {isa = PBXFileReference; lastKnownFileType = sourcecode.swift; path = HostXPC.swift; sourceTree = "<group>"; };
		F10D000000000002 /* HostActivation.swift */ = {isa = PBXFileReference; lastKnownFileType = sourcecode.swift; path = HostActivation.swift; sourceTree = "<group>"; };
		F10D000000000003 /* HostCAPI.swift */ = {isa = PBXFileReference; lastKnownFileType = sourcecode.swift; path = HostCAPI.swift; sourceTree = "<group>"; };
		F10N000000000001 /* FilterDataProvider.swift */ = {isa = PBXFileReference; lastKnownFileType = sourcecode.swift; path = FilterDataProvider.swift; sourceTree = "<group>"; };
		F10N000000000002 /* main.swift */ = {isa = PBXFileReference; lastKnownFileType = sourcecode.swift; path = main.swift; sourceTree = "<group>"; };
		F10E000000000001 /* main.swift */ = {isa = PBXFileReference; lastKnownFileType = sourcecode.swift; path = main.swift; sourceTree = "<group>"; };
		F10P000000000001 /* Info.plist */ = {isa = PBXFileReference; lastKnownFileType = text.plist.xml; path = Info.plist; sourceTree = "<group>"; };
		F10P000000000002 /* Helper.entitlements */ = {isa = PBXFileReference; lastKnownFileType = text.plist.entitlements; path = Helper.entitlements; sourceTree = "<group>"; };
		F10P000000000003 /* Info.plist */ = {isa = PBXFileReference; lastKnownFileType = text.plist.xml; path = Info.plist; sourceTree = "<group>"; };
		F10P000000000004 /* NetworkFilter.entitlements */ = {isa = PBXFileReference; lastKnownFileType = text.plist.entitlements; path = NetworkFilter.entitlements; sourceTree = "<group>"; };
		F10P000000000005 /* Info.plist */ = {isa = PBXFileReference; lastKnownFileType = text.plist.xml; path = Info.plist; sourceTree = "<group>"; };
		F10P000000000006 /* EndpointSecurity.entitlements */ = {isa = PBXFileReference; lastKnownFileType = text.plist.entitlements; path = EndpointSecurity.entitlements; sourceTree = "<group>"; };
		F10P000000000007 /* StopScrolling.entitlements */ = {isa = PBXFileReference; lastKnownFileType = text.plist.entitlements; path = StopScrolling.entitlements; sourceTree = "<group>"; };
		F10T000000000001 /* libBlockingCore.a */ = {isa = PBXFileReference; explicitFileType = archive.ar; includeInIndex = 0; path = libBlockingCore.a; sourceTree = BUILT_PRODUCTS_DIR; };
		F10T000000000002 /* libHelperXPC.a */ = {isa = PBXFileReference; explicitFileType = archive.ar; includeInIndex = 0; path = libHelperXPC.a; sourceTree = BUILT_PRODUCTS_DIR; };
		F10T000000000003 /* com.stopscrolling.helper */ = {isa = PBXFileReference; explicitFileType = "compiled.mach-o.executable"; includeInIndex = 0; path = com.stopscrolling.helper; sourceTree = BUILT_PRODUCTS_DIR; };
		F10T000000000004 /* libStopScrollingHostClient.dylib */ = {isa = PBXFileReference; explicitFileType = "compiled.mach-o.dylib"; includeInIndex = 0; path = libStopScrollingHostClient.dylib; sourceTree = BUILT_PRODUCTS_DIR; };
		F10T000000000005 /* NetworkFilter.systemextension */ = {isa = PBXFileReference; explicitFileType = wrapper.cfbundle; includeInIndex = 0; path = NetworkFilter.systemextension; sourceTree = BUILT_PRODUCTS_DIR; };
		F10T000000000006 /* EndpointSecurity.systemextension */ = {isa = PBXFileReference; explicitFileType = wrapper.cfbundle; includeInIndex = 0; path = EndpointSecurity.systemextension; sourceTree = BUILT_PRODUCTS_DIR; };
		F10S000000000001 /* ServiceManagement.framework */ = {isa = PBXFileReference; lastKnownFileType = wrapper.framework; name = ServiceManagement.framework; path = System/Library/Frameworks/ServiceManagement.framework; sourceTree = SDKROOT; };
		F10S000000000002 /* SystemExtensions.framework */ = {isa = PBXFileReference; lastKnownFileType = wrapper.framework; name = SystemExtensions.framework; path = System/Library/Frameworks/SystemExtensions.framework; sourceTree = SDKROOT; };
		F10S000000000003 /* NetworkExtension.framework */ = {isa = PBXFileReference; lastKnownFileType = wrapper.framework; name = NetworkExtension.framework; path = System/Library/Frameworks/NetworkExtension.framework; sourceTree = SDKROOT; };
		F10S000000000004 /* Security.framework */ = {isa = PBXFileReference; lastKnownFileType = wrapper.framework; name = Security.framework; path = System/Library/Frameworks/Security.framework; sourceTree = SDKROOT; };
		F10S000000000005 /* libEndpointSecurity.tbd */ = {isa = PBXFileReference; lastKnownFileType = "sourcecode.text-based-dylib-definition"; name = libEndpointSecurity.tbd; path = usr/lib/libEndpointSecurity.tbd; sourceTree = SDKROOT; };
/* End PBXFileReference section */

/* Begin PBXFrameworksBuildPhase section */
		K10C000000000001 /* Frameworks */ = {isa = PBXFrameworksBuildPhase; buildActionMask = 2147483647; files = (); runOnlyForDeploymentPostprocessing = 0; };
		K10X000000000001 /* Frameworks */ = {isa = PBXFrameworksBuildPhase; buildActionMask = 2147483647; files = (); runOnlyForDeploymentPostprocessing = 0; };
		K10H000000000001 /* Frameworks */ = {
			isa = PBXFrameworksBuildPhase;
			buildActionMask = 2147483647;
			files = (
				B10H000000000003 /* libBlockingCore.a in Frameworks */,
				B10H000000000004 /* libHelperXPC.a in Frameworks */,
			);
			runOnlyForDeploymentPostprocessing = 0;
		};
		K10D000000000001 /* Frameworks */ = {
			isa = PBXFrameworksBuildPhase;
			buildActionMask = 2147483647;
			files = (
				B10D000000000004 /* libHelperXPC.a in Frameworks */,
				B10D000000000005 /* ServiceManagement.framework in Frameworks */,
				B10D000000000006 /* SystemExtensions.framework in Frameworks */,
				B10D000000000007 /* NetworkExtension.framework in Frameworks */,
			);
			runOnlyForDeploymentPostprocessing = 0;
		};
		K10N000000000001 /* Frameworks */ = {
			isa = PBXFrameworksBuildPhase;
			buildActionMask = 2147483647;
			files = (
				B10N000000000003 /* libBlockingCore.a in Frameworks */,
				B10N000000000004 /* NetworkExtension.framework in Frameworks */,
			);
			runOnlyForDeploymentPostprocessing = 0;
		};
		K10E000000000001 /* Frameworks */ = {
			isa = PBXFrameworksBuildPhase;
			buildActionMask = 2147483647;
			files = (
				B10E000000000002 /* libBlockingCore.a in Frameworks */,
				B10E000000000003 /* Security.framework in Frameworks */,
				B10E000000000004 /* libEndpointSecurity.tbd in Frameworks */,
			);
			runOnlyForDeploymentPostprocessing = 0;
		};
/* End PBXFrameworksBuildPhase section */

/* Begin PBXGroup section */
		G100000000000001 = {
			isa = PBXGroup;
			children = (
				G10C000000000001 /* BlockingCore */,
				G10X000000000001 /* HelperXPC */,
				G10H000000000001 /* PrivilegedHelper */,
				G10D000000000001 /* HostClient */,
				G10N000000000001 /* NetworkFilterExtension */,
				G10M000000000001 /* NetworkFilterExtensionMain */,
				G10E000000000001 /* EndpointSecurityExtension */,
				G10R000000000001 /* Resources */,
				G10S000000000001 /* Frameworks */,
				G10P000000000001 /* Products */,
			);
			sourceTree = "<group>";
		};
		G10C000000000001 /* BlockingCore */ = {isa = PBXGroup; children = (F10C000000000001 /* ApplicationInventory.swift */, F10C000000000002 /* Crypto.swift */, F10C000000000003 /* Enforcement.swift */, F10C000000000004 /* PolicyStore.swift */, F10C000000000005 /* Protocol.swift */); name = BlockingCore; path = Sources/BlockingCore; sourceTree = "<group>"; };
		G10X000000000001 /* HelperXPC */ = {isa = PBXGroup; children = (F10X000000000001 /* StopScrollingHelperXPC.swift */); name = HelperXPC; path = Sources/HelperXPC; sourceTree = "<group>"; };
		G10H000000000001 /* PrivilegedHelper */ = {isa = PBXGroup; children = (F10H000000000001 /* main.swift */, F10H000000000002 /* HelperService.swift */); name = PrivilegedHelper; path = Sources/PrivilegedHelper; sourceTree = "<group>"; };
		G10D000000000001 /* HostClient */ = {isa = PBXGroup; children = (F10D000000000001 /* HostXPC.swift */, F10D000000000002 /* HostActivation.swift */, F10D000000000003 /* HostCAPI.swift */); name = HostClient; path = Sources/HostClient; sourceTree = "<group>"; };
		G10N000000000001 /* NetworkFilterExtension */ = {isa = PBXGroup; children = (F10N000000000001 /* FilterDataProvider.swift */); name = NetworkFilterExtension; path = Sources/NetworkFilterExtension; sourceTree = "<group>"; };
		G10M000000000001 /* NetworkFilterExtensionMain */ = {isa = PBXGroup; children = (F10N000000000002 /* main.swift */); name = NetworkFilterExtensionMain; path = Sources/NetworkFilterExtensionMain; sourceTree = "<group>"; };
		G10E000000000001 /* EndpointSecurityExtension */ = {isa = PBXGroup; children = (F10E000000000001 /* main.swift */); name = EndpointSecurityExtension; path = Sources/EndpointSecurityExtension; sourceTree = "<group>"; };
		G10R000000000001 /* Resources */ = {isa = PBXGroup; children = (G10R000000000002 /* Helper */, G10R000000000003 /* NetworkFilter */, G10R000000000004 /* EndpointSecurity */, G10R000000000005 /* Host */); path = Resources; sourceTree = "<group>"; };
		G10R000000000002 /* Helper */ = {isa = PBXGroup; children = (F10P000000000001 /* Info.plist */, F10P000000000002 /* Helper.entitlements */); path = Helper; sourceTree = "<group>"; };
		G10R000000000003 /* NetworkFilter */ = {isa = PBXGroup; children = (F10P000000000003 /* Info.plist */, F10P000000000004 /* NetworkFilter.entitlements */); path = NetworkFilter; sourceTree = "<group>"; };
		G10R000000000004 /* EndpointSecurity */ = {isa = PBXGroup; children = (F10P000000000005 /* Info.plist */, F10P000000000006 /* EndpointSecurity.entitlements */); path = EndpointSecurity; sourceTree = "<group>"; };
		G10R000000000005 /* Host */ = {isa = PBXGroup; children = (F10P000000000007 /* StopScrolling.entitlements */); path = Host; sourceTree = "<group>"; };
		G10S000000000001 /* Frameworks */ = {isa = PBXGroup; children = (F10S000000000001 /* ServiceManagement.framework */, F10S000000000002 /* SystemExtensions.framework */, F10S000000000003 /* NetworkExtension.framework */, F10S000000000004 /* Security.framework */, F10S000000000005 /* libEndpointSecurity.tbd */); name = Frameworks; sourceTree = "<group>"; };
		G10P000000000001 /* Products */ = {isa = PBXGroup; children = (F10T000000000001 /* libBlockingCore.a */, F10T000000000002 /* libHelperXPC.a */, F10T000000000003 /* com.stopscrolling.helper */, F10T000000000004 /* libStopScrollingHostClient.dylib */, F10T000000000005 /* NetworkFilter.systemextension */, F10T000000000006 /* EndpointSecurity.systemextension */); name = Products; sourceTree = "<group>"; };
/* End PBXGroup section */

/* Begin PBXNativeTarget section */
		T10C000000000001 /* BlockingCore */ = {isa = PBXNativeTarget; buildConfigurationList = C10C000000000001 /* Build configuration list for PBXNativeTarget "BlockingCore" */; buildPhases = (S10C000000000001 /* Sources */, K10C000000000001 /* Frameworks */); buildRules = (); dependencies = (); name = BlockingCore; productName = BlockingCore; productReference = F10T000000000001 /* libBlockingCore.a */; productType = "com.apple.product-type.library.static"; };
		T10X000000000001 /* HelperXPC */ = {isa = PBXNativeTarget; buildConfigurationList = C10X000000000001 /* Build configuration list for PBXNativeTarget "HelperXPC" */; buildPhases = (S10X000000000001 /* Sources */, K10X000000000001 /* Frameworks */); buildRules = (); dependencies = (); name = HelperXPC; productName = HelperXPC; productReference = F10T000000000002 /* libHelperXPC.a */; productType = "com.apple.product-type.library.static"; };
		T10H000000000001 /* StopScrollingHelper */ = {isa = PBXNativeTarget; buildConfigurationList = C10H000000000001 /* Build configuration list for PBXNativeTarget "StopScrollingHelper" */; buildPhases = (S10H000000000001 /* Sources */, K10H000000000001 /* Frameworks */); buildRules = (); dependencies = (D10H000000000001 /* PBXTargetDependency */, D10H000000000002 /* PBXTargetDependency */); name = StopScrollingHelper; productName = com.stopscrolling.helper; productReference = F10T000000000003 /* com.stopscrolling.helper */; productType = "com.apple.product-type.tool"; };
		T10D000000000001 /* StopScrollingHostClient */ = {isa = PBXNativeTarget; buildConfigurationList = C10D000000000001 /* Build configuration list for PBXNativeTarget "StopScrollingHostClient" */; buildPhases = (S10D000000000001 /* Sources */, K10D000000000001 /* Frameworks */); buildRules = (); dependencies = (D10D000000000001 /* PBXTargetDependency */); name = StopScrollingHostClient; productName = StopScrollingHostClient; productReference = F10T000000000004 /* libStopScrollingHostClient.dylib */; productType = "com.apple.product-type.library.dynamic"; };
		T10N000000000001 /* NetworkFilter */ = {isa = PBXNativeTarget; buildConfigurationList = C10N000000000001 /* Build configuration list for PBXNativeTarget "NetworkFilter" */; buildPhases = (S10N000000000001 /* Sources */, K10N000000000001 /* Frameworks */); buildRules = (); dependencies = (D10N000000000001 /* PBXTargetDependency */); name = NetworkFilter; productName = NetworkFilter; productReference = F10T000000000005 /* NetworkFilter.systemextension */; productType = "com.apple.product-type.system-extension"; };
		T10E000000000001 /* EndpointSecurity */ = {isa = PBXNativeTarget; buildConfigurationList = C10E000000000001 /* Build configuration list for PBXNativeTarget "EndpointSecurity" */; buildPhases = (S10E000000000001 /* Sources */, K10E000000000001 /* Frameworks */); buildRules = (); dependencies = (D10E000000000001 /* PBXTargetDependency */); name = EndpointSecurity; productName = EndpointSecurity; productReference = F10T000000000006 /* EndpointSecurity.systemextension */; productType = "com.apple.product-type.system-extension"; };
/* End PBXNativeTarget section */

/* Begin PBXProject section */
		P100000000000001 /* Project object */ = {
			isa = PBXProject;
			attributes = {
				BuildIndependentTargetsInParallel = 1;
				LastUpgradeCheck = 1600;
			};
			buildConfigurationList = C100000000000001 /* Build configuration list for PBXProject "StopScrollingNative" */;
			compatibilityVersion = "Xcode 14.0";
			developmentRegion = en;
			hasScannedForEncodings = 0;
			knownRegions = (
				en,
				Base,
			);
			mainGroup = G100000000000001;
			productRefGroup = G10P000000000001 /* Products */;
			projectDirPath = "";
			projectRoot = "";
			targets = (
				T10C000000000001 /* BlockingCore */,
				T10X000000000001 /* HelperXPC */,
				T10H000000000001 /* StopScrollingHelper */,
				T10D000000000001 /* StopScrollingHostClient */,
				T10N000000000001 /* NetworkFilter */,
				T10E000000000001 /* EndpointSecurity */,
			);
		};
/* End PBXProject section */

/* Begin PBXSourcesBuildPhase section */
		S10C000000000001 /* Sources */ = {isa = PBXSourcesBuildPhase; buildActionMask = 2147483647; files = (B10C000000000001 /* ApplicationInventory.swift in Sources */, B10C000000000002 /* Crypto.swift in Sources */, B10C000000000003 /* Enforcement.swift in Sources */, B10C000000000004 /* PolicyStore.swift in Sources */, B10C000000000005 /* Protocol.swift in Sources */); runOnlyForDeploymentPostprocessing = 0; };
		S10X000000000001 /* Sources */ = {isa = PBXSourcesBuildPhase; buildActionMask = 2147483647; files = (B10X000000000001 /* StopScrollingHelperXPC.swift in Sources */); runOnlyForDeploymentPostprocessing = 0; };
		S10H000000000001 /* Sources */ = {isa = PBXSourcesBuildPhase; buildActionMask = 2147483647; files = (B10H000000000001 /* main.swift in Sources */, B10H000000000002 /* HelperService.swift in Sources */); runOnlyForDeploymentPostprocessing = 0; };
		S10D000000000001 /* Sources */ = {isa = PBXSourcesBuildPhase; buildActionMask = 2147483647; files = (B10D000000000001 /* HostXPC.swift in Sources */, B10D000000000002 /* HostActivation.swift in Sources */, B10D000000000003 /* HostCAPI.swift in Sources */); runOnlyForDeploymentPostprocessing = 0; };
		S10N000000000001 /* Sources */ = {isa = PBXSourcesBuildPhase; buildActionMask = 2147483647; files = (B10N000000000001 /* FilterDataProvider.swift in Sources */, B10N000000000002 /* main.swift in Sources */); runOnlyForDeploymentPostprocessing = 0; };
		S10E000000000001 /* Sources */ = {isa = PBXSourcesBuildPhase; buildActionMask = 2147483647; files = (B10E000000000001 /* main.swift in Sources */); runOnlyForDeploymentPostprocessing = 0; };
/* End PBXSourcesBuildPhase section */

/* Begin PBXTargetDependency section */
		D10H000000000001 /* PBXTargetDependency */ = {isa = PBXTargetDependency; target = T10C000000000001 /* BlockingCore */; targetProxy = P10H000000000001 /* PBXContainerItemProxy */; };
		D10H000000000002 /* PBXTargetDependency */ = {isa = PBXTargetDependency; target = T10X000000000001 /* HelperXPC */; targetProxy = P10H000000000002 /* PBXContainerItemProxy */; };
		D10D000000000001 /* PBXTargetDependency */ = {isa = PBXTargetDependency; target = T10X000000000001 /* HelperXPC */; targetProxy = P10D000000000001 /* PBXContainerItemProxy */; };
		D10N000000000001 /* PBXTargetDependency */ = {isa = PBXTargetDependency; target = T10C000000000001 /* BlockingCore */; targetProxy = P10N000000000001 /* PBXContainerItemProxy */; };
		D10E000000000001 /* PBXTargetDependency */ = {isa = PBXTargetDependency; target = T10C000000000001 /* BlockingCore */; targetProxy = P10E000000000001 /* PBXContainerItemProxy */; };
/* End PBXTargetDependency section */

/* Begin XCBuildConfiguration section */
		C100000000000002 /* Debug */ = {
			isa = XCBuildConfiguration;
			buildSettings = {
				ALWAYS_SEARCH_USER_PATHS = NO;
				CLANG_ENABLE_MODULES = YES;
				COPY_PHASE_STRIP = NO;
				DEBUG_INFORMATION_FORMAT = dwarf;
				ENABLE_TESTABILITY = YES;
				MACOSX_DEPLOYMENT_TARGET = 13.0;
				ONLY_ACTIVE_ARCH = YES;
				SDKROOT = macosx;
				SWIFT_ACTIVE_COMPILATION_CONDITIONS = DEBUG;
				SWIFT_OPTIMIZATION_LEVEL = "-Onone";
				SWIFT_VERSION = 6.0;
			};
			name = Debug;
		};
		C100000000000003 /* Release */ = {
			isa = XCBuildConfiguration;
			buildSettings = {
				ALWAYS_SEARCH_USER_PATHS = NO;
				CLANG_ENABLE_MODULES = YES;
				COPY_PHASE_STRIP = NO;
				DEBUG_INFORMATION_FORMAT = "dwarf-with-dsym";
				MACOSX_DEPLOYMENT_TARGET = 13.0;
				SDKROOT = macosx;
				SWIFT_COMPILATION_MODE = wholemodule;
				SWIFT_VERSION = 6.0;
			};
			name = Release;
		};
		C10C000000000002 /* Debug */ = {isa = XCBuildConfiguration; buildSettings = {CURRENT_PROJECT_VERSION = 1; DEFINES_MODULE = YES; EXECUTABLE_PREFIX = lib; GENERATE_INFOPLIST_FILE = YES; MACH_O_TYPE = staticlib; MARKETING_VERSION = 0.1.0; PRODUCT_BUNDLE_IDENTIFIER = com.stopscrolling.BlockingCore; PRODUCT_NAME = BlockingCore; SKIP_INSTALL = YES; SWIFT_VERSION = 6.0; }; name = Debug; };
		C10C000000000003 /* Release */ = {isa = XCBuildConfiguration; buildSettings = {CURRENT_PROJECT_VERSION = 1; DEFINES_MODULE = YES; EXECUTABLE_PREFIX = lib; GENERATE_INFOPLIST_FILE = YES; MACH_O_TYPE = staticlib; MARKETING_VERSION = 0.1.0; PRODUCT_BUNDLE_IDENTIFIER = com.stopscrolling.BlockingCore; PRODUCT_NAME = BlockingCore; SKIP_INSTALL = YES; SWIFT_VERSION = 6.0; }; name = Release; };
		C10X000000000002 /* Debug */ = {isa = XCBuildConfiguration; buildSettings = {CURRENT_PROJECT_VERSION = 1; DEFINES_MODULE = YES; EXECUTABLE_PREFIX = lib; GENERATE_INFOPLIST_FILE = YES; MACH_O_TYPE = staticlib; MARKETING_VERSION = 0.1.0; PRODUCT_BUNDLE_IDENTIFIER = com.stopscrolling.HelperXPC; PRODUCT_NAME = HelperXPC; SKIP_INSTALL = YES; SWIFT_VERSION = 6.0; }; name = Debug; };
		C10X000000000003 /* Release */ = {isa = XCBuildConfiguration; buildSettings = {CURRENT_PROJECT_VERSION = 1; DEFINES_MODULE = YES; EXECUTABLE_PREFIX = lib; GENERATE_INFOPLIST_FILE = YES; MACH_O_TYPE = staticlib; MARKETING_VERSION = 0.1.0; PRODUCT_BUNDLE_IDENTIFIER = com.stopscrolling.HelperXPC; PRODUCT_NAME = HelperXPC; SKIP_INSTALL = YES; SWIFT_VERSION = 6.0; }; name = Release; };
		C10H000000000002 /* Debug */ = {isa = XCBuildConfiguration; buildSettings = {CODE_SIGN_ENTITLEMENTS = Resources/Helper/Helper.entitlements; GENERATE_INFOPLIST_FILE = NO; INFOPLIST_FILE = Resources/Helper/Info.plist; MACOSX_DEPLOYMENT_TARGET = 13.0; PRODUCT_BUNDLE_IDENTIFIER = com.stopscrolling.helper; PRODUCT_NAME = com.stopscrolling.helper; SKIP_INSTALL = YES; SWIFT_VERSION = 6.0; }; name = Debug; };
		C10H000000000003 /* Release */ = {isa = XCBuildConfiguration; buildSettings = {CODE_SIGN_ENTITLEMENTS = Resources/Helper/Helper.entitlements; GENERATE_INFOPLIST_FILE = NO; INFOPLIST_FILE = Resources/Helper/Info.plist; MACOSX_DEPLOYMENT_TARGET = 13.0; PRODUCT_BUNDLE_IDENTIFIER = com.stopscrolling.helper; PRODUCT_NAME = com.stopscrolling.helper; SKIP_INSTALL = YES; SWIFT_VERSION = 6.0; }; name = Release; };
		C10D000000000002 /* Debug */ = {isa = XCBuildConfiguration; buildSettings = {DYLIB_COMPATIBILITY_VERSION = 1; DYLIB_CURRENT_VERSION = 1; DYLIB_INSTALL_NAME_BASE = "@rpath"; EXECUTABLE_PREFIX = lib; GENERATE_INFOPLIST_FILE = YES; MACH_O_TYPE = mh_dylib; PRODUCT_BUNDLE_IDENTIFIER = com.stopscrolling.HostClient; PRODUCT_NAME = StopScrollingHostClient; SKIP_INSTALL = YES; SWIFT_VERSION = 6.0; }; name = Debug; };
		C10D000000000003 /* Release */ = {isa = XCBuildConfiguration; buildSettings = {DYLIB_COMPATIBILITY_VERSION = 1; DYLIB_CURRENT_VERSION = 1; DYLIB_INSTALL_NAME_BASE = "@rpath"; EXECUTABLE_PREFIX = lib; GENERATE_INFOPLIST_FILE = YES; MACH_O_TYPE = mh_dylib; PRODUCT_BUNDLE_IDENTIFIER = com.stopscrolling.HostClient; PRODUCT_NAME = StopScrollingHostClient; SKIP_INSTALL = YES; SWIFT_VERSION = 6.0; }; name = Release; };
		C10N000000000002 /* Debug */ = {isa = XCBuildConfiguration; buildSettings = {CODE_SIGN_ENTITLEMENTS = Resources/NetworkFilter/NetworkFilter.entitlements; GENERATE_INFOPLIST_FILE = NO; INFOPLIST_FILE = Resources/NetworkFilter/Info.plist; MACOSX_DEPLOYMENT_TARGET = 13.0; PRODUCT_BUNDLE_IDENTIFIER = com.stopscrolling.desktop.network-filter; PRODUCT_BUNDLE_PACKAGE_TYPE = SYSX; PRODUCT_NAME = NetworkFilter; SKIP_INSTALL = YES; SWIFT_VERSION = 6.0; WRAPPER_EXTENSION = systemextension; }; name = Debug; };
		C10N000000000003 /* Release */ = {isa = XCBuildConfiguration; buildSettings = {CODE_SIGN_ENTITLEMENTS = Resources/NetworkFilter/NetworkFilter.entitlements; GENERATE_INFOPLIST_FILE = NO; INFOPLIST_FILE = Resources/NetworkFilter/Info.plist; MACOSX_DEPLOYMENT_TARGET = 13.0; PRODUCT_BUNDLE_IDENTIFIER = com.stopscrolling.desktop.network-filter; PRODUCT_BUNDLE_PACKAGE_TYPE = SYSX; PRODUCT_NAME = NetworkFilter; SKIP_INSTALL = YES; SWIFT_VERSION = 6.0; WRAPPER_EXTENSION = systemextension; }; name = Release; };
		C10E000000000002 /* Debug */ = {isa = XCBuildConfiguration; buildSettings = {CODE_SIGN_ENTITLEMENTS = Resources/EndpointSecurity/EndpointSecurity.entitlements; GENERATE_INFOPLIST_FILE = NO; INFOPLIST_FILE = Resources/EndpointSecurity/Info.plist; MACOSX_DEPLOYMENT_TARGET = 13.0; PRODUCT_BUNDLE_IDENTIFIER = com.stopscrolling.desktop.endpoint-security; PRODUCT_BUNDLE_PACKAGE_TYPE = SYSX; PRODUCT_MODULE_NAME = StopScrollingEndpointSecurity; PRODUCT_NAME = EndpointSecurity; SKIP_INSTALL = YES; SWIFT_VERSION = 6.0; WRAPPER_EXTENSION = systemextension; }; name = Debug; };
		C10E000000000003 /* Release */ = {isa = XCBuildConfiguration; buildSettings = {CODE_SIGN_ENTITLEMENTS = Resources/EndpointSecurity/EndpointSecurity.entitlements; GENERATE_INFOPLIST_FILE = NO; INFOPLIST_FILE = Resources/EndpointSecurity/Info.plist; MACOSX_DEPLOYMENT_TARGET = 13.0; PRODUCT_BUNDLE_IDENTIFIER = com.stopscrolling.desktop.endpoint-security; PRODUCT_BUNDLE_PACKAGE_TYPE = SYSX; PRODUCT_MODULE_NAME = StopScrollingEndpointSecurity; PRODUCT_NAME = EndpointSecurity; SKIP_INSTALL = YES; SWIFT_VERSION = 6.0; WRAPPER_EXTENSION = systemextension; }; name = Release; };
/* End XCBuildConfiguration section */

/* Begin XCConfigurationList section */
		C100000000000001 /* Build configuration list for PBXProject "StopScrollingNative" */ = {isa = XCConfigurationList; buildConfigurations = (C100000000000002 /* Debug */, C100000000000003 /* Release */); defaultConfigurationIsVisible = 0; defaultConfigurationName = Release; };
		C10C000000000001 /* Build configuration list for PBXNativeTarget "BlockingCore" */ = {isa = XCConfigurationList; buildConfigurations = (C10C000000000002 /* Debug */, C10C000000000003 /* Release */); defaultConfigurationIsVisible = 0; defaultConfigurationName = Release; };
		C10X000000000001 /* Build configuration list for PBXNativeTarget "HelperXPC" */ = {isa = XCConfigurationList; buildConfigurations = (C10X000000000002 /* Debug */, C10X000000000003 /* Release */); defaultConfigurationIsVisible = 0; defaultConfigurationName = Release; };
		C10H000000000001 /* Build configuration list for PBXNativeTarget "StopScrollingHelper" */ = {isa = XCConfigurationList; buildConfigurations = (C10H000000000002 /* Debug */, C10H000000000003 /* Release */); defaultConfigurationIsVisible = 0; defaultConfigurationName = Release; };
		C10D000000000001 /* Build configuration list for PBXNativeTarget "StopScrollingHostClient" */ = {isa = XCConfigurationList; buildConfigurations = (C10D000000000002 /* Debug */, C10D000000000003 /* Release */); defaultConfigurationIsVisible = 0; defaultConfigurationName = Release; };
		C10N000000000001 /* Build configuration list for PBXNativeTarget "NetworkFilter" */ = {isa = XCConfigurationList; buildConfigurations = (C10N000000000002 /* Debug */, C10N000000000003 /* Release */); defaultConfigurationIsVisible = 0; defaultConfigurationName = Release; };
		C10E000000000001 /* Build configuration list for PBXNativeTarget "EndpointSecurity" */ = {isa = XCConfigurationList; buildConfigurations = (C10E000000000002 /* Debug */, C10E000000000003 /* Release */); defaultConfigurationIsVisible = 0; defaultConfigurationName = Release; };
/* End XCConfigurationList section */
	};
	rootObject = P100000000000001 /* Project object */;
}
